
Microsoft Visual Studio Solution File, Format Version 12.00
Project("{FAE04EC0-301F-11D3-BF4B-00C04F79EFBC}") = "Lecture01", "Lecture01\Lecture01.csproj", "{9A446BD5-B2A4-4D4D-A22D-53AA9FF90D8B}"
EndProject
Project("{FAE04EC0-301F-11D3-BF4B-00C04F79EFBC}") = "Lecture02", "Lecture02\Lecture02.csproj", "{155676B9-3F19-4E10-A220-FC8FFBB532BA}"
EndProject
Project("{FAE04EC0-301F-11D3-BF4B-00C04F79EFBC}") = "Lecture03", "Lecture03\Lecture03.csproj", "{8BA3C059-9E3E-4B13-B494-8F79919FAB4D}"
EndProject
Project("{FAE04EC0-301F-11D3-BF4B-00C04F79EFBC}") = "Lecture04", "Lecture04\Lecture04.csproj", "{F3801AE7-8F1C-4348-9F96-DC7568D9C390}"
EndProject
Project("{FAE04EC0-301F-11D3-BF4B-00C04F79EFBC}") = "Lecture05", "Lecture05\Lecture05.csproj", "{2D977DBA-9D57-4C0E-B607-B17473ABF220}"
EndProject
Project("{FAE04EC0-301F-11D3-BF4B-00C04F79EFBC}") = "Lecture06", "Lecture06\Lecture06.csproj", "{E705E486-30F4-4F8B-AE12-4CABE4373B94}"
EndProject
Project("{FAE04EC0-301F-11D3-BF4B-00C04F79EFBC}") = "Lecture07", "Lecture07\Lecture07.csproj", "{A4F052CD-B30A-4CD8-A760-0B76843A2DD9}"
EndProject
Project("{FAE04EC0-301F-11D3-BF4B-00C04F79EFBC}") = "Lecture08", "Lecture08\Lecture08.csproj", "{B6FAFA81-4116-4A80-BB4A-3616B8015A4A}"
EndProject
Global
	GlobalSection(SolutionConfigurationPlatforms) = preSolution
		Debug|Any CPU = Debug|Any CPU
		Release|Any CPU = Release|Any CPU
	EndGlobalSection
	GlobalSection(ProjectConfigurationPlatforms) = postSolution
		{9A446BD5-B2A4-4D4D-A22D-53AA9FF90D8B}.Debug|Any CPU.ActiveCfg = Debug|Any CPU
		{9A446BD5-B2A4-4D4D-A22D-53AA9FF90D8B}.Debug|Any CPU.Build.0 = Debug|Any CPU
		{9A446BD5-B2A4-4D4D-A22D-53AA9FF90D8B}.Release|Any CPU.ActiveCfg = Release|Any CPU
		{9A446BD5-B2A4-4D4D-A22D-53AA9FF90D8B}.Release|Any CPU.Build.0 = Release|Any CPU
		{155676B9-3F19-4E10-A220-FC8FFBB532BA}.Debug|Any CPU.ActiveCfg = Debug|Any CPU
		{155676B9-3F19-4E10-A220-FC8FFBB532BA}.Debug|Any CPU.Build.0 = Debug|Any CPU
		{155676B9-3F19-4E10-A220-FC8FFBB532BA}.Release|Any CPU.ActiveCfg = Release|Any CPU
		{155676B9-3F19-4E10-A220-FC8FFBB532BA}.Release|Any CPU.Build.0 = Release|Any CPU
		{8BA3C059-9E3E-4B13-B494-8F79919FAB4D}.Debug|Any CPU.ActiveCfg = Debug|Any CPU
		{8BA3C059-9E3E-4B13-B494-8F79919FAB4D}.Debug|Any CPU.Build.0 = Debug|Any CPU
		{8BA3C059-9E3E-4B13-B494-8F79919FAB4D}.Release|Any CPU.ActiveCfg = Release|Any CPU
		{8BA3C059-9E3E-4B13-B494-8F79919FAB4D}.Release|Any CPU.Build.0 = Release|Any CPU
		{F3801AE7-8F1C-4348-9F96-DC7568D9C390}.Debug|Any CPU.ActiveCfg = Debug|Any CPU
		{F3801AE7-8F1C-4348-9F96-DC7568D9C390}.Debug|Any CPU.Build.0 = Debug|Any CPU
		{F3801AE7-8F1C-4348-9F96-DC7568D9C390}.Release|Any CPU.ActiveCfg = Release|Any CPU
		{F3801AE7-8F1C-4348-9F96-DC7568D9C390}.Release|Any CPU.Build.0 = Release|Any CPU
		{2D977DBA-9D57-4C0E-B607-B17473ABF220}.Debug|Any CPU.ActiveCfg = Debug|Any CPU
		{2D977DBA-9D57-4C0E-B607-B17473ABF220}.Debug|Any CPU.Build.0 = Debug|Any CPU
		{2D977DBA-9D57-4C0E-B607-B17473ABF220}.Release|Any CPU.ActiveCfg = Release|Any CPU
		{2D977DBA-9D57-4C0E-B607-B17473ABF220}.Release|Any CPU.Build.0 = Release|Any CPU
		{E705E486-30F4-4F8B-AE12-4CABE4373B94}.Debug|Any CPU.ActiveCfg = Debug|Any CPU
		{E705E486-30F4-4F8B-AE12-4CABE4373B94}.Debug|Any CPU.Build.0 = Debug|Any CPU
		{E705E486-30F4-4F8B-AE12-4CABE4373B94}.Release|Any CPU.ActiveCfg = Release|Any CPU
		{E705E486-30F4-4F8B-AE12-4CABE4373B94}.Release|Any CPU.Build.0 = Release|Any CPU
		{A4F052CD-B30A-4CD8-A760-0B76843A2DD9}.Debug|Any CPU.ActiveCfg = Debug|Any CPU
		{A4F052CD-B30A-4CD8-A760-0B76843A2DD9}.Debug|Any CPU.Build.0 = Debug|Any CPU
		{A4F052CD-B30A-4CD8-A760-0B76843A2DD9}.Release|Any CPU.ActiveCfg = Release|Any CPU
		{A4F052CD-B30A-4CD8-A760-0B76843A2DD9}.Release|Any CPU.Build.0 = Release|Any CPU
		{B6FAFA81-4116-4A80-BB4A-3616B8015A4A}.Debug|Any CPU.ActiveCfg = Debug|Any CPU
		{B6FAFA81-4116-4A80-BB4A-3616B8015A4A}.Debug|Any CPU.Build.0 = Debug|Any CPU
		{B6FAFA81-4116-4A80-BB4A-3616B8015A4A}.Release|Any CPU.ActiveCfg = Release|Any CPU
		{B6FAFA81-4116-4A80-BB4A-3616B8015A4A}.Release|Any CPU.Build.0 = Release|Any CPU
	EndGlobalSection
EndGlobal
